{
  "version": 4,
  "terraform_version": "1.5.7",
  "serial": 1,
  "lineage": "aaec4f85-63e1-4d18-b088-5c6b13f20449",
  "outputs": {},
  "resources": [
    {
      "mode": "managed",
      "type": "aws_iam_policy",
      "name": "custom_policy",
      "provider": "provider[\"registry.terraform.io/hashicorp/aws\"]",
      "instances": [
        {
          "schema_version": 0,
          "attributes": {
            "arn": "arn:aws:iam::522814733547:policy/resource-move-demo-policy",
            "attachment_count": 0,
            "description": "Custom role with limited permissions",
            "id": "arn:aws:iam::522814733547:policy/resource-move-demo-policy",
            "name": "resource-move-demo-policy",
            "name_prefix": null,
            "path": "/",
            "policy": "{\"Statement\":[{\"Action\":[\"ec2:*\",\"s3:*\"],\"Effect\":\"Allow\",\"Resource\":\"*\"}],\"Version\":\"2012-10-17\"}",
            "policy_id": "ANPAXTORPXTV74ZEU2A5B",
            "tags": {},
            "tags_all": {}
          },
          "sensitive_attributes": [],
          "private": "bnVsbA=="
        }
      ]
    }
  ],
  "check_results": null
}
